
Microsoft Visual Studio Solution File, Format Version 12.00
# Visual Studio 15
VisualStudioVersion = 15.0.27130.2003
MinimumVisualStudioVersion = 10.0.40219.1
Project("{FAE04EC0-301F-11D3-BF4B-00C04F79EFBC}") = "Filtering", "Filtering\Filtering.csproj", "{2C36471A-70B5-41CD-843C-D8A11242B365}"
EndProject
Global
	GlobalSection(SolutionConfigurationPlatforms) = preSolution
		Debug|Any CPU = Debug|Any CPU
		Release|Any CPU = Release|Any CPU
	EndGlobalSection
	GlobalSection(ProjectConfigurationPlatforms) = postSolution
		{2C36471A-70B5-41CD-843C-D8A11242B365}.Debug|Any CPU.ActiveCfg = Debug|Any CPU
		{2C36471A-70B5-41CD-843C-D8A11242B365}.Debug|Any CPU.Build.0 = Debug|Any CPU
		{2C36471A-70B5-41CD-843C-D8A11242B365}.Release|Any CPU.ActiveCfg = Release|Any CPU
		{2C36471A-70B5-41CD-843C-D8A11242B365}.Release|Any CPU.Build.0 = Release|Any CPU
	EndGlobalSection
	GlobalSection(SolutionProperties) = preSolution
		HideSolutionNode = FALSE
	EndGlobalSection
	GlobalSection(ExtensibilityGlobals) = postSolution
		SolutionGuid = {C167C759-AE5C-437D-965E-B301BFC90D09}
	EndGlobalSection
EndGlobal
